<Solution>
  <Project Path="01/01.csproj" />
  <Project Path="02/02.csproj" />
  <Project Path="03/03.csproj" />
  <Project Path="04/04.csproj" />
  <Project Path="05/05.csproj" />
  <Project Path="06/06.csproj" />
  <Project Path="07/07.csproj" />
  <Project Path="08/08.csproj" />
  <Project Path="09/09.csproj" Id="2d914245-f4bc-4ceb-997f-2f1bc9b7057a" />
  <Project Path="10/10.csproj" Id="071986ce-0696-498c-9f52-85979c326c4d" />
</Solution>
